
Microsoft Visual Studio Solution File, Format Version 12.00
# Visual Studio Version 17
VisualStudioVersion = 17.13.35931.197
MinimumVisualStudioVersion = 10.0.40219.1
Project("{FAE04EC0-301F-11D3-BF4B-00C04F79EFBC}") = "Learn_1", "Learn_1\Learn_1.csproj", "{2A63D067-59CF-42C8-B445-EEF4827A9BFF}"
EndProject
Project("{FAE04EC0-301F-11D3-BF4B-00C04F79EFBC}") = "OPP", "OPP\OPP.csproj", "{EF1618AC-BA81-8D19-56D9-A2F8B20B6A0C}"
EndProject
Project("{2150E333-8FDC-42A3-9474-1A3956D46DE8}") = "Solution Items", "Solution Items", "{8EC462FD-D22E-90A8-E5CE-7E832BA40C5D}"
	ProjectSection(SolutionItems) = preProject
		.gitignore = .gitignore
		branch.txt = branch.txt
		commit.ps1 = commit.ps1
		new_branch.ps1 = new_branch.ps1
	EndProjectSection
EndProject
Project("{FAE04EC0-301F-11D3-BF4B-00C04F79EFBC}") = "Udemy_Session_4", "Udemy_Session_4\Udemy_Session_4.csproj", "{F7C4DB65-BFE6-422A-86F5-7AF3270AE10E}"
EndProject
Project("{FAE04EC0-301F-11D3-BF4B-00C04F79EFBC}") = "Udemy_Session_3", "Udemy_Session_3\Udemy_Session_3.csproj", "{285BBA31-7113-A302-072E-C9CB067E7416}"
EndProject
Project("{FAE04EC0-301F-11D3-BF4B-00C04F79EFBC}") = "Udemy_Session_5", "Udemy_Session_5\Udemy_Session_5.csproj", "{369BAD2F-EF71-4727-AACD-1F2F119D402F}"
EndProject
Project("{FAE04EC0-301F-11D3-BF4B-00C04F79EFBC}") = "Udemy_Session_6", "Udemy_Session_6\Udemy_Session_6.csproj", "{3C2D4497-5F09-470B-B529-E4F24C1D8341}"
EndProject
Project("{FAE04EC0-301F-11D3-BF4B-00C04F79EFBC}") = "Udemy_Session_7", "Udemy_Session_7\Udemy_Session_7.csproj", "{BBAC736B-4675-47E4-9E77-C22F126E82A4}"
EndProject
Global
	GlobalSection(SolutionConfigurationPlatforms) = preSolution
		Debug|Any CPU = Debug|Any CPU
		Release|Any CPU = Release|Any CPU
	EndGlobalSection
	GlobalSection(ProjectConfigurationPlatforms) = postSolution
		{2A63D067-59CF-42C8-B445-EEF4827A9BFF}.Debug|Any CPU.ActiveCfg = Debug|Any CPU
		{2A63D067-59CF-42C8-B445-EEF4827A9BFF}.Debug|Any CPU.Build.0 = Debug|Any CPU
		{2A63D067-59CF-42C8-B445-EEF4827A9BFF}.Release|Any CPU.ActiveCfg = Release|Any CPU
		{2A63D067-59CF-42C8-B445-EEF4827A9BFF}.Release|Any CPU.Build.0 = Release|Any CPU
		{EF1618AC-BA81-8D19-56D9-A2F8B20B6A0C}.Debug|Any CPU.ActiveCfg = Debug|Any CPU
		{EF1618AC-BA81-8D19-56D9-A2F8B20B6A0C}.Debug|Any CPU.Build.0 = Debug|Any CPU
		{EF1618AC-BA81-8D19-56D9-A2F8B20B6A0C}.Release|Any CPU.ActiveCfg = Release|Any CPU
		{EF1618AC-BA81-8D19-56D9-A2F8B20B6A0C}.Release|Any CPU.Build.0 = Release|Any CPU
		{F7C4DB65-BFE6-422A-86F5-7AF3270AE10E}.Debug|Any CPU.ActiveCfg = Debug|Any CPU
		{F7C4DB65-BFE6-422A-86F5-7AF3270AE10E}.Debug|Any CPU.Build.0 = Debug|Any CPU
		{F7C4DB65-BFE6-422A-86F5-7AF3270AE10E}.Release|Any CPU.ActiveCfg = Release|Any CPU
		{F7C4DB65-BFE6-422A-86F5-7AF3270AE10E}.Release|Any CPU.Build.0 = Release|Any CPU
		{285BBA31-7113-A302-072E-C9CB067E7416}.Debug|Any CPU.ActiveCfg = Debug|Any CPU
		{285BBA31-7113-A302-072E-C9CB067E7416}.Debug|Any CPU.Build.0 = Debug|Any CPU
		{285BBA31-7113-A302-072E-C9CB067E7416}.Release|Any CPU.ActiveCfg = Release|Any CPU
		{285BBA31-7113-A302-072E-C9CB067E7416}.Release|Any CPU.Build.0 = Release|Any CPU
		{369BAD2F-EF71-4727-AACD-1F2F119D402F}.Debug|Any CPU.ActiveCfg = Debug|Any CPU
		{369BAD2F-EF71-4727-AACD-1F2F119D402F}.Debug|Any CPU.Build.0 = Debug|Any CPU
		{369BAD2F-EF71-4727-AACD-1F2F119D402F}.Release|Any CPU.ActiveCfg = Release|Any CPU
		{369BAD2F-EF71-4727-AACD-1F2F119D402F}.Release|Any CPU.Build.0 = Release|Any CPU
		{3C2D4497-5F09-470B-B529-E4F24C1D8341}.Debug|Any CPU.ActiveCfg = Debug|Any CPU
		{3C2D4497-5F09-470B-B529-E4F24C1D8341}.Debug|Any CPU.Build.0 = Debug|Any CPU
		{3C2D4497-5F09-470B-B529-E4F24C1D8341}.Release|Any CPU.ActiveCfg = Release|Any CPU
		{3C2D4497-5F09-470B-B529-E4F24C1D8341}.Release|Any CPU.Build.0 = Release|Any CPU
		{BBAC736B-4675-47E4-9E77-C22F126E82A4}.Debug|Any CPU.ActiveCfg = Debug|Any CPU
		{BBAC736B-4675-47E4-9E77-C22F126E82A4}.Debug|Any CPU.Build.0 = Debug|Any CPU
		{BBAC736B-4675-47E4-9E77-C22F126E82A4}.Release|Any CPU.ActiveCfg = Release|Any CPU
		{BBAC736B-4675-47E4-9E77-C22F126E82A4}.Release|Any CPU.Build.0 = Release|Any CPU
	EndGlobalSection
	GlobalSection(SolutionProperties) = preSolution
		HideSolutionNode = FALSE
	EndGlobalSection
	GlobalSection(ExtensibilityGlobals) = postSolution
		SolutionGuid = {E7FBAB01-9C8F-47FE-8231-8B04273C7AA6}
	EndGlobalSection
EndGlobal
